// !$*UTF8*$!
{
	archiveVersion = 1;
	classes = {
	};
	objectVersion = 77;
	objects = {

/* Begin PBXContainerItemProxy section */
		6EBD565E2E746F850000BF47 /* PBXContainerItemProxy */ = {
			isa = PBXContainerItemProxy;
			containerPortal = 6EBD56472E746F830000BF47 /* Project object */;
			proxyType = 1;
			remoteGlobalIDString = 6EBD564E2E746F830000BF47;
			remoteInfo = DeviceTracker;
		};
		6EBD56682E746F850000BF47 /* PBXContainerItemProxy */ = {
			isa = PBXContainerItemProxy;
			containerPortal = 6EBD56472E746F830000BF47 /* Project object */;
			proxyType = 1;
			remoteGlobalIDString = 6EBD564E2E746F830000BF47;
			remoteInfo = DeviceTracker;
		};
/* End PBXContainerItemProxy section */

/* Begin PBXFileReference section */
		6EBD564F2E746F830000BF47 /* DeviceTracker.app */ = {isa = PBXFileReference; explicitFileType = wrapper.application; includeInIndex = 0; path = DeviceTracker.app; sourceTree = BUILT_PRODUCTS_DIR; };
		6EBD565D2E746F850000BF47 /* DeviceTrackerTests.xctest */ = {isa = PBXFileReference; explicitFileType = wrapper.cfbundle; includeInIndex = 0; path = DeviceTrackerTests.xctest; sourceTree = BUILT_PRODUCTS_DIR; };
		6EBD56672E746F850000BF47 /* DeviceTrackerUITests.xctest */ = {isa = PBXFileReference; explicitFileType = wrapper.cfbundle; includeInIndex = 0; path = DeviceTrackerUITests.xctest; sourceTree = BUILT_PRODUCTS_DIR; };
/* End PBXFileReference section */

/* Begin PBXFileSystemSynchronizedRootGroup section */
		6EBD56512E746F830000BF47 /* DeviceTracker */ = {
			isa = PBXFileSystemSynchronizedRootGroup;
			path = DeviceTracker;
			sourceTree = "<group>";
		};
		6EBD56602E746F850000BF47 /* DeviceTrackerTests */ = {
			isa = PBXFileSystemSynchronizedRootGroup;
			path = DeviceTrackerTests;
			sourceTree = "<group>";
		};
		6EBD566A2E746F850000BF47 /* DeviceTrackerUITests */ = {
			isa = PBXFileSystemSynchronizedRootGroup;
			path = DeviceTrackerUITests;
			sourceTree = "<group>";
		};
/* End PBXFileSystemSynchronizedRootGroup section */

/* Begin PBXFrameworksBuildPhase section */
		6EBD564C2E746F830000BF47 /* Frameworks */ = {
			isa = PBXFrameworksBuildPhase;
			buildActionMask = 2147483647;
			files = (
			);
			runOnlyForDeploymentPostprocessing = 0;
		};
		6EBD565A2E746F850000BF47 /* Frameworks */ = {
			isa = PBXFrameworksBuildPhase;
			buildActionMask = 2147483647;
			files = (
			);
			runOnlyForDeploymentPostprocessing = 0;
		};
		6EBD56642E746F850000BF47 /* Frameworks */ = {
			isa = PBXFrameworksBuildPhase;
			buildActionMask = 2147483647;
			files = (
			);
			runOnlyForDeploymentPostprocessing = 0;
		};
/* End PBXFrameworksBuildPhase section */

/* Begin PBXGroup section */
		6EBD56462E746F830000BF47 = {
			isa = PBXGroup;
			children = (
				6EBD56512E746F830000BF47 /* DeviceTracker */,
				6EBD56602E746F850000BF47 /* DeviceTrackerTests */,
				6EBD566A2E746F850000BF47 /* DeviceTrackerUITests */,
				6EBD56502E746F830000BF47 /* Products */,
			);
			sourceTree = "<group>";
		};
		6EBD56502E746F830000BF47 /* Products */ = {
			isa = PBXGroup;
			children = (
				6EBD564F2E746F830000BF47 /* DeviceTracker.app */,
				6EBD565D2E746F850000BF47 /* DeviceTrackerTests.xctest */,
				6EBD56672E746F850000BF47 /* DeviceTrackerUITests.xctest */,
			);
			name = Products;
			sourceTree = "<group>";
		};
/* End PBXGroup section */

/* Begin PBXNativeTarget section */
		6EBD564E2E746F830000BF47 /* DeviceTracker */ = {
			isa = PBXNativeTarget;
			buildConfigurationList = 6EBD56712E746F850000BF47 /* Build configuration list for PBXNativeTarget "DeviceTracker" */;
			buildPhases = (
				6EBD564B2E746F830000BF47 /* Sources */,
				6EBD564C2E746F830000BF47 /* Frameworks */,
				6EBD564D2E746F830000BF47 /* Resources */,
			);
			buildRules = (
			);
			dependencies = (
			);
			fileSystemSynchronizedGroups = (
				6EBD56512E746F830000BF47 /* DeviceTracker */,
			);
			name = DeviceTracker;
			packageProductDependencies = (
			);
			productName = DeviceTracker;
			productReference = 6EBD564F2E746F830000BF47 /* DeviceTracker.app */;
			productType = "com.apple.product-type.application";
		};
		6EBD565C2E746F850000BF47 /* DeviceTrackerTests */ = {
			isa = PBXNativeTarget;
			buildConfigurationList = 6EBD56742E746F850000BF47 /* Build configuration list for PBXNativeTarget "DeviceTrackerTests" */;
			buildPhases = (
				6EBD56592E746F850000BF47 /* Sources */,
				6EBD565A2E746F850000BF47 /* Frameworks */,
				6EBD565B2E746F850000BF47 /* Resources */,
			);
			buildRules = (
			);
			dependencies = (
				6EBD565F2E746F850000BF47 /* PBXTargetDependency */,
			);
			fileSystemSynchronizedGroups = (
				6EBD56602E746F850000BF47 /* DeviceTrackerTests */,
			);
			name = DeviceTrackerTests;
			packageProductDependencies = (
			);
			productName = DeviceTrackerTests;
			productReference = 6EBD565D2E746F850000BF47 /* DeviceTrackerTests.xctest */;
			productType = "com.apple.product-type.bundle.unit-test";
		};
		6EBD56662E746F850000BF47 /* DeviceTrackerUITests */ = {
			isa = PBXNativeTarget;
			buildConfigurationList = 6EBD56772E746F850000BF47 /* Build configuration list for PBXNativeTarget "DeviceTrackerUITests" */;
			buildPhases = (
				6EBD56632E746F850000BF47 /* Sources */,
				6EBD56642E746F850000BF47 /* Frameworks */,
				6EBD56652E746F850000BF47 /* Resources */,
			);
			buildRules = (
			);
			dependencies = (
				6EBD56692E746F850000BF47 /* PBXTargetDependency */,
			);
			fileSystemSynchronizedGroups = (
				6EBD566A2E746F850000BF47 /* DeviceTrackerUITests */,
			);
			name = DeviceTrackerUITests;
			packageProductDependencies = (
			);
			productName = DeviceTrackerUITests;
			productReference = 6EBD56672E746F850000BF47 /* DeviceTrackerUITests.xctest */;
			productType = "com.apple.product-type.bundle.ui-testing";
		};
/* End PBXNativeTarget section */

/* Begin PBXProject section */
		6EBD56472E746F830000BF47 /* Project object */ = {
			isa = PBXProject;
			attributes = {
				BuildIndependentTargetsInParallel = 1;
				LastSwiftUpdateCheck = 1640;
				LastUpgradeCheck = 1640;
				TargetAttributes = {
					6EBD564E2E746F830000BF47 = {
						CreatedOnToolsVersion = 16.4;
					};
					6EBD565C2E746F850000BF47 = {
						CreatedOnToolsVersion = 16.4;
						TestTargetID = 6EBD564E2E746F830000BF47;
					};
					6EBD56662E746F850000BF47 = {
						CreatedOnToolsVersion = 16.4;
						TestTargetID = 6EBD564E2E746F830000BF47;
					};
				};
			};
			buildConfigurationList = 6EBD564A2E746F830000BF47 /* Build configuration list for PBXProject "DeviceTracker" */;
			developmentRegion = en;
			hasScannedForEncodings = 0;
			knownRegions = (
				en,
				Base,
			);
			mainGroup = 6EBD56462E746F830000BF47;
			minimizedProjectReferenceProxies = 1;
			preferredProjectObjectVersion = 77;
			productRefGroup = 6EBD56502E746F830000BF47 /* Products */;
			projectDirPath = "";
			projectRoot = "";
			targets = (
				6EBD564E2E746F830000BF47 /* DeviceTracker */,
				6EBD565C2E746F850000BF47 /* DeviceTrackerTests */,
				6EBD56662E746F850000BF47 /* DeviceTrackerUITests */,
			);
		};
/* End PBXProject section */

/* Begin PBXResourcesBuildPhase section */
		6EBD564D2E746F830000BF47 /* Resources */ = {
			isa = PBXResourcesBuildPhase;
			buildActionMask = 2147483647;
			files = (
			);
			runOnlyForDeploymentPostprocessing = 0;
		};
		6EBD565B2E746F850000BF47 /* Resources */ = {
			isa = PBXResourcesBuildPhase;
			buildActionMask = 2147483647;
			files = (
			);
			runOnlyForDeploymentPostprocessing = 0;
		};
		6EBD56652E746F850000BF47 /* Resources */ = {
			isa = PBXResourcesBuildPhase;
			buildActionMask = 2147483647;
			files = (
			);
			runOnlyForDeploymentPostprocessing = 0;
		};
/* End PBXResourcesBuildPhase section */

/* Begin PBXSourcesBuildPhase section */
		6EBD564B2E746F830000BF47 /* Sources */ = {
			isa = PBXSourcesBuildPhase;
			buildActionMask = 2147483647;
			files = (
			);
			runOnlyForDeploymentPostprocessing = 0;
		};
		6EBD56592E746F850000BF47 /* Sources */ = {
			isa = PBXSourcesBuildPhase;
			buildActionMask = 2147483647;
			files = (
			);
			runOnlyForDeploymentPostprocessing = 0;
		};
		6EBD56632E746F850000BF47 /* Sources */ = {
			isa = PBXSourcesBuildPhase;
			buildActionMask = 2147483647;
			files = (
			);
			runOnlyForDeploymentPostprocessing = 0;
		};
/* End PBXSourcesBuildPhase section */

/* Begin PBXTargetDependency section */
		6EBD565F2E746F850000BF47 /* PBXTargetDependency */ = {
			isa = PBXTargetDependency;
			target = 6EBD564E2E746F830000BF47 /* DeviceTracker */;
			targetProxy = 6EBD565E2E746F850000BF47 /* PBXContainerItemProxy */;
		};
		6EBD56692E746F850000BF47 /* PBXTargetDependency */ = {
			isa = PBXTargetDependency;
			target = 6EBD564E2E746F830000BF47 /* DeviceTracker */;
			targetProxy = 6EBD56682E746F850000BF47 /* PBXContainerItemProxy */;
		};
/* End PBXTargetDependency section */

/* Begin XCBuildConfiguration section */
		6EBD566F2E746F850000BF47 /* Debug */ = {
			isa = XCBuildConfiguration;
			buildSettings = {
				ALWAYS_SEARCH_USER_PATHS = NO;
				ASSETCATALOG_COMPILER_GENERATE_SWIFT_ASSET_SYMBOL_EXTENSIONS = YES;
				CLANG_ANALYZER_NONNULL = YES;
				CLANG_ANALYZER_NUMBER_OBJECT_CONVERSION = YES_AGGRESSIVE;
				CLANG_CXX_LANGUAGE_STANDARD = "gnu++20";
				CLANG_ENABLE_MODULES = YES;
				CLANG_ENABLE_OBJC_ARC = YES;
				CLANG_ENABLE_OBJC_WEAK = YES;
				CLANG_WARN_BLOCK_CAPTURE_AUTORELEASING = YES;
				CLANG_WARN_BOOL_CONVERSION = YES;
				CLANG_WARN_COMMA = YES;
				CLANG_WARN_CONSTANT_CONVERSION = YES;
				CLANG_WARN_DEPRECATED_OBJC_IMPLEMENTATIONS = YES;
				CLANG_WARN_DIRECT_OBJC_ISA_USAGE = YES_ERROR;
				CLANG_WARN_DOCUMENTATION_COMMENTS = YES;
				CLANG_WARN_EMPTY_BODY = YES;
				CLANG_WARN_ENUM_CONVERSION = YES;
				CLANG_WARN_INFINITE_RECURSION = YES;
				CLANG_WARN_INT_CONVERSION = YES;
				CLANG_WARN_NON_LITERAL_NULL_CONVERSION = YES;
				CLANG_WARN_OBJC_IMPLICIT_RETAIN_SELF = YES;
				CLANG_WARN_OBJC_LITERAL_CONVERSION = YES;
				CLANG_WARN_OBJC_ROOT_CLASS = YES_ERROR;
				CLANG_WARN_QUOTED_INCLUDE_IN_FRAMEWORK_HEADER = YES;
				CLANG_WARN_RANGE_LOOP_ANALYSIS = YES;
				CLANG_WARN_STRICT_PROTOTYPES = YES;
				CLANG_WARN_SUSPICIOUS_MOVE = YES;
				CLANG_WARN_UNGUARDED_AVAILABILITY = YES_AGGRESSIVE;
				CLANG_WARN_UNREACHABLE_CODE = YES;
				CLANG_WARN__DUPLICATE_METHOD_MATCH = YES;
				COPY_PHASE_STRIP = NO;
				DEBUG_INFORMATION_FORMAT = dwarf;
				ENABLE_STRICT_OBJC_MSGSEND = YES;
				ENABLE_TESTABILITY = YES;
				ENABLE_USER_SCRIPT_SANDBOXING = YES;
				GCC_C_LANGUAGE_STANDARD = gnu17;
				GCC_DYNAMIC_NO_PIC = NO;
				GCC_NO_COMMON_BLOCKS = YES;
				GCC_OPTIMIZATION_LEVEL = 0;
				GCC_PREPROCESSOR_DEFINITIONS = (
					"DEBUG=1",
					"$(inherited)",
				);
				GCC_WARN_64_TO_32_BIT_CONVERSION = YES;
				GCC_WARN_ABOUT_RETURN_TYPE = YES_ERROR;
				GCC_WARN_UNDECLARED_SELECTOR = YES;
				GCC_WARN_UNINITIALIZED_AUTOS = YES_AGGRESSIVE;
				GCC_WARN_UNUSED_FUNCTION = YES;
				GCC_WARN_UNUSED_VARIABLE = YES;
				LOCALIZATION_PREFERS_STRING_CATALOGS = YES;
				MACOSX_DEPLOYMENT_TARGET = 15.5;
				MTL_ENABLE_DEBUG_INFO = INCLUDE_SOURCE;
				MTL_FAST_MATH = YES;
				ONLY_ACTIVE_ARCH = YES;
				SDKROOT = macosx;
				SWIFT_ACTIVE_COMPILATION_CONDITIONS = "DEBUG $(inherited)";
				SWIFT_OPTIMIZATION_LEVEL = "-Onone";
			};
			name = Debug;
		};
		6EBD56702E746F850000BF47 /* Release */ = {
			isa = XCBuildConfiguration;
			buildSettings = {
				ALWAYS_SEARCH_USER_PATHS = NO;
				ASSETCATALOG_COMPILER_GENERATE_SWIFT_ASSET_SYMBOL_EXTENSIONS = YES;
				CLANG_ANALYZER_NONNULL = YES;
				CLANG_ANALYZER_NUMBER_OBJECT_CONVERSION = YES_AGGRESSIVE;
				CLANG_CXX_LANGUAGE_STANDARD = "gnu++20";
				CLANG_ENABLE_MODULES = YES;
				CLANG_ENABLE_OBJC_ARC = YES;
				CLANG_ENABLE_OBJC_WEAK = YES;
				CLANG_WARN_BLOCK_CAPTURE_AUTORELEASING = YES;
				CLANG_WARN_BOOL_CONVERSION = YES;
				CLANG_WARN_COMMA = YES;
				CLANG_WARN_CONSTANT_CONVERSION = YES;
				CLANG_WARN_DEPRECATED_OBJC_IMPLEMENTATIONS = YES;
				CLANG_WARN_DIRECT_OBJC_ISA_USAGE = YES_ERROR;
				CLANG_WARN_DOCUMENTATION_COMMENTS = YES;
				CLANG_WARN_EMPTY_BODY = YES;
				CLANG_WARN_ENUM_CONVERSION = YES;
				CLANG_WARN_INFINITE_RECURSION = YES;
				CLANG_WARN_INT_CONVERSION = YES;
				CLANG_WARN_NON_LITERAL_NULL_CONVERSION = YES;
				CLANG_WARN_OBJC_IMPLICIT_RETAIN_SELF = YES;
				CLANG_WARN_OBJC_LITERAL_CONVERSION = YES;
				CLANG_WARN_OBJC_ROOT_CLASS = YES_ERROR;
				CLANG_WARN_QUOTED_INCLUDE_IN_FRAMEWORK_HEADER = YES;
				CLANG_WARN_RANGE_LOOP_ANALYSIS = YES;
				CLANG_WARN_STRICT_PROTOTYPES = YES;
				CLANG_WARN_SUSPICIOUS_MOVE = YES;
				CLANG_WARN_UNGUARDED_AVAILABILITY = YES_AGGRESSIVE;
				CLANG_WARN_UNREACHABLE_CODE = YES;
				CLANG_WARN__DUPLICATE_METHOD_MATCH = YES;
				COPY_PHASE_STRIP = NO;
				DEBUG_INFORMATION_FORMAT = "dwarf-with-dsym";
				ENABLE_NS_ASSERTIONS = NO;
				ENABLE_STRICT_OBJC_MSGSEND = YES;
				ENABLE_USER_SCRIPT_SANDBOXING = YES;
				GCC_C_LANGUAGE_STANDARD = gnu17;
				GCC_NO_COMMON_BLOCKS = YES;
				GCC_WARN_64_TO_32_BIT_CONVERSION = YES;
				GCC_WARN_ABOUT_RETURN_TYPE = YES_ERROR;
				GCC_WARN_UNDECLARED_SELECTOR = YES;
				GCC_WARN_UNINITIALIZED_AUTOS = YES_AGGRESSIVE;
				GCC_WARN_UNUSED_FUNCTION = YES;
				GCC_WARN_UNUSED_VARIABLE = YES;
				LOCALIZATION_PREFERS_STRING_CATALOGS = YES;
				MACOSX_DEPLOYMENT_TARGET = 15.5;
				MTL_ENABLE_DEBUG_INFO = NO;
				MTL_FAST_MATH = YES;
				SDKROOT = macosx;
				SWIFT_COMPILATION_MODE = wholemodule;
			};
			name = Release;
		};
		6EBD56722E746F850000BF47 /* Debug */ = {
			isa = XCBuildConfiguration;
			buildSettings = {
				ASSETCATALOG_COMPILER_APPICON_NAME = AppIcon;
				ASSETCATALOG_COMPILER_GLOBAL_ACCENT_COLOR_NAME = AccentColor;
				CODE_SIGN_ENTITLEMENTS = DeviceTracker/DeviceTracker.entitlements;
				CODE_SIGN_STYLE = Automatic;
				COMBINE_HIDPI_IMAGES = YES;
				CURRENT_PROJECT_VERSION = 1;
				ENABLE_PREVIEWS = YES;
				GENERATE_INFOPLIST_FILE = YES;
				INFOPLIST_KEY_NSHumanReadableCopyright = "";
				LD_RUNPATH_SEARCH_PATHS = (
					"$(inherited)",
					"@executable_path/../Frameworks",
				);
				MARKETING_VERSION = 1.0;
				PRODUCT_BUNDLE_IDENTIFIER = com.jose.DeviceTracker;
				PRODUCT_NAME = "$(TARGET_NAME)";
				REGISTER_APP_GROUPS = YES;
				SWIFT_EMIT_LOC_STRINGS = YES;
				SWIFT_VERSION = 5.0;
			};
			name = Debug;
		};
		6EBD56732E746F850000BF47 /* Release */ = {
			isa = XCBuildConfiguration;
			buildSettings = {
				ASSETCATALOG_COMPILER_APPICON_NAME = AppIcon;
				ASSETCATALOG_COMPILER_GLOBAL_ACCENT_COLOR_NAME = AccentColor;
				CODE_SIGN_ENTITLEMENTS = DeviceTracker/DeviceTracker.entitlements;
				CODE_SIGN_STYLE = Automatic;
				COMBINE_HIDPI_IMAGES = YES;
				CURRENT_PROJECT_VERSION = 1;
				ENABLE_PREVIEWS = YES;
				GENERATE_INFOPLIST_FILE = YES;
				INFOPLIST_KEY_NSHumanReadableCopyright = "";
				LD_RUNPATH_SEARCH_PATHS = (
					"$(inherited)",
					"@executable_path/../Frameworks",
				);
				MARKETING_VERSION = 1.0;
				PRODUCT_BUNDLE_IDENTIFIER = com.jose.DeviceTracker;
				PRODUCT_NAME = "$(TARGET_NAME)";
				REGISTER_APP_GROUPS = YES;
				SWIFT_EMIT_LOC_STRINGS = YES;
				SWIFT_VERSION = 5.0;
			};
			name = Release;
		};
		6EBD56752E746F850000BF47 /* Debug */ = {
			isa = XCBuildConfiguration;
			buildSettings = {
				BUNDLE_LOADER = "$(TEST_HOST)";
				CODE_SIGN_STYLE = Automatic;
				CURRENT_PROJECT_VERSION = 1;
				GENERATE_INFOPLIST_FILE = YES;
				MACOSX_DEPLOYMENT_TARGET = 15.5;
				MARKETING_VERSION = 1.0;
				PRODUCT_BUNDLE_IDENTIFIER = com.jose.DeviceTrackerTests;
				PRODUCT_NAME = "$(TARGET_NAME)";
				SWIFT_EMIT_LOC_STRINGS = NO;
				SWIFT_VERSION = 5.0;
				TEST_HOST = "$(BUILT_PRODUCTS_DIR)/DeviceTracker.app/$(BUNDLE_EXECUTABLE_FOLDER_PATH)/DeviceTracker";
			};
			name = Debug;
		};
		6EBD56762E746F850000BF47 /* Release */ = {
			isa = XCBuildConfiguration;
			buildSettings = {
				BUNDLE_LOADER = "$(TEST_HOST)";
				CODE_SIGN_STYLE = Automatic;
				CURRENT_PROJECT_VERSION = 1;
				GENERATE_INFOPLIST_FILE = YES;
				MACOSX_DEPLOYMENT_TARGET = 15.5;
				MARKETING_VERSION = 1.0;
				PRODUCT_BUNDLE_IDENTIFIER = com.jose.DeviceTrackerTests;
				PRODUCT_NAME = "$(TARGET_NAME)";
				SWIFT_EMIT_LOC_STRINGS = NO;
				SWIFT_VERSION = 5.0;
				TEST_HOST = "$(BUILT_PRODUCTS_DIR)/DeviceTracker.app/$(BUNDLE_EXECUTABLE_FOLDER_PATH)/DeviceTracker";
			};
			name = Release;
		};
		6EBD56782E746F850000BF47 /* Debug */ = {
			isa = XCBuildConfiguration;
			buildSettings = {
				CODE_SIGN_STYLE = Automatic;
				CURRENT_PROJECT_VERSION = 1;
				GENERATE_INFOPLIST_FILE = YES;
				MARKETING_VERSION = 1.0;
				PRODUCT_BUNDLE_IDENTIFIER = com.jose.DeviceTrackerUITests;
				PRODUCT_NAME = "$(TARGET_NAME)";
				SWIFT_EMIT_LOC_STRINGS = NO;
				SWIFT_VERSION = 5.0;
				TEST_TARGET_NAME = DeviceTracker;
			};
			name = Debug;
		};
		6EBD56792E746F850000BF47 /* Release */ = {
			isa = XCBuildConfiguration;
			buildSettings = {
				CODE_SIGN_STYLE = Automatic;
				CURRENT_PROJECT_VERSION = 1;
				GENERATE_INFOPLIST_FILE = YES;
				MARKETING_VERSION = 1.0;
				PRODUCT_BUNDLE_IDENTIFIER = com.jose.DeviceTrackerUITests;
				PRODUCT_NAME = "$(TARGET_NAME)";
				SWIFT_EMIT_LOC_STRINGS = NO;
				SWIFT_VERSION = 5.0;
				TEST_TARGET_NAME = DeviceTracker;
			};
			name = Release;
		};
/* End XCBuildConfiguration section */

/* Begin XCConfigurationList section */
		6EBD564A2E746F830000BF47 /* Build configuration list for PBXProject "DeviceTracker" */ = {
			isa = XCConfigurationList;
			buildConfigurations = (
				6EBD566F2E746F850000BF47 /* Debug */,
				6EBD56702E746F850000BF47 /* Release */,
			);
			defaultConfigurationIsVisible = 0;
			defaultConfigurationName = Release;
		};
		6EBD56712E746F850000BF47 /* Build configuration list for PBXNativeTarget "DeviceTracker" */ = {
			isa = XCConfigurationList;
			buildConfigurations = (
				6EBD56722E746F850000BF47 /* Debug */,
				6EBD56732E746F850000BF47 /* Release */,
			);
			defaultConfigurationIsVisible = 0;
			defaultConfigurationName = Release;
		};
		6EBD56742E746F850000BF47 /* Build configuration list for PBXNativeTarget "DeviceTrackerTests" */ = {
			isa = XCConfigurationList;
			buildConfigurations = (
				6EBD56752E746F850000BF47 /* Debug */,
				6EBD56762E746F850000BF47 /* Release */,
			);
			defaultConfigurationIsVisible = 0;
			defaultConfigurationName = Release;
		};
		6EBD56772E746F850000BF47 /* Build configuration list for PBXNativeTarget "DeviceTrackerUITests" */ = {
			isa = XCConfigurationList;
			buildConfigurations = (
				6EBD56782E746F850000BF47 /* Debug */,
				6EBD56792E746F850000BF47 /* Release */,
			);
			defaultConfigurationIsVisible = 0;
			defaultConfigurationName = Release;
		};
/* End XCConfigurationList section */
	};
	rootObject = 6EBD56472E746F830000BF47 /* Project object */;
}
